// !$*UTF8*$!
{
	archiveVersion = 1;
	classes = {
	};
	objectVersion = 56;
	objects = {

/* Begin PBXBuildFile section */
		FD05CDA52C5D2DD300E0171E /* HesApp_TrackerApp.swift in Sources */ = {isa = PBXBuildFile; fileRef = FD05CDA42C5D2DD300E0171E /* HesApp_TrackerApp.swift */; };
		FD05CDA72C5D2DD300E0171E /* AuthView.swift in Sources */ = {isa = PBXBuildFile; fileRef = FD05CDA62C5D2DD300E0171E /* AuthView.swift */; };
		FD05CDA92C5D2DD300E0171E /* Assets.xcassets in Resources */ = {isa = PBXBuildFile; fileRef = FD05CDA82C5D2DD300E0171E /* Assets.xcassets */; };
		FD05CDAC2C5D2DD300E0171E /* Preview Assets.xcassets in Resources */ = {isa = PBXBuildFile; fileRef = FD05CDAB2C5D2DD300E0171E /* Preview Assets.xcassets */; };
		FD05CDB42C5D2E0E00E0171E /* Home.swift in Sources */ = {isa = PBXBuildFile; fileRef = FD05CDB32C5D2E0E00E0171E /* Home.swift */; };
		FD05CDB62C5D2E2D00E0171E /* UsersSubscriptions.swift in Sources */ = {isa = PBXBuildFile; fileRef = FD05CDB52C5D2E2D00E0171E /* UsersSubscriptions.swift */; };
		FD05CDBA2C5D364000E0171E /* AppMainView.swift in Sources */ = {isa = PBXBuildFile; fileRef = FD05CDB92C5D364000E0171E /* AppMainView.swift */; };
		FD05CDBC2C5D365500E0171E /* Login.swift in Sources */ = {isa = PBXBuildFile; fileRef = FD05CDBB2C5D365500E0171E /* Login.swift */; };
		FD05CDBE2C5D365E00E0171E /* Register.swift in Sources */ = {isa = PBXBuildFile; fileRef = FD05CDBD2C5D365E00E0171E /* Register.swift */; };
		FD05CDC02C5D3AF900E0171E /* GoogleService-Info.plist in Resources */ = {isa = PBXBuildFile; fileRef = FD05CDBF2C5D3AF900E0171E /* GoogleService-Info.plist */; };
		FD05CDC32C5D3CAB00E0171E /* FirebaseAnalytics in Frameworks */ = {isa = PBXBuildFile; productRef = FD05CDC22C5D3CAB00E0171E /* FirebaseAnalytics */; };
		FD05CDCD2C5D3CAB00E0171E /* FirebaseAuth in Frameworks */ = {isa = PBXBuildFile; productRef = FD05CDCC2C5D3CAB00E0171E /* FirebaseAuth */; };
		FD05CDD72C5D3CAB00E0171E /* FirebaseFirestore in Frameworks */ = {isa = PBXBuildFile; productRef = FD05CDD62C5D3CAB00E0171E /* FirebaseFirestore */; };
		FD05CDEB2C5D3CAB00E0171E /* FirebaseStorage in Frameworks */ = {isa = PBXBuildFile; productRef = FD05CDEA2C5D3CAB00E0171E /* FirebaseStorage */; };
		FD0D18F32C62863900A50366 /* CustomPlanSheetView.swift in Sources */ = {isa = PBXBuildFile; fileRef = FD0D18F22C62863900A50366 /* CustomPlanSheetView.swift */; };
		FD0D18F52C62872200A50366 /* FeedbackPlanSheetView.swift in Sources */ = {isa = PBXBuildFile; fileRef = FD0D18F42C62872200A50366 /* FeedbackPlanSheetView.swift */; };
		FD0D18F82C6287E300A50366 /* ConfirmationPlanSheetView.swift in Sources */ = {isa = PBXBuildFile; fileRef = FD0D18F72C6287E300A50366 /* ConfirmationPlanSheetView.swift */; };
		FD0D18FA2C628B0100A50366 /* GradientBackground.swift in Sources */ = {isa = PBXBuildFile; fileRef = FD0D18F92C628B0100A50366 /* GradientBackground.swift */; };
		FD132FD62C6400F5005619F0 /* FirestoreManager.swift in Sources */ = {isa = PBXBuildFile; fileRef = FD132FD52C6400F5005619F0 /* FirestoreManager.swift */; };
		FD132FD82C64027B005619F0 /* AuthManager.swift in Sources */ = {isa = PBXBuildFile; fileRef = FD132FD72C64027B005619F0 /* AuthManager.swift */; };
		FD132FDA2C64078C005619F0 /* AuthTabView.swift in Sources */ = {isa = PBXBuildFile; fileRef = FD132FD92C64078C005619F0 /* AuthTabView.swift */; };
		FD2FD6972C5D7DB4003910F2 /* Service.swift in Sources */ = {isa = PBXBuildFile; fileRef = FD2FD6962C5D7DB4003910F2 /* Service.swift */; };
		FD2FD6992C5D7DC9003910F2 /* Plan.swift in Sources */ = {isa = PBXBuildFile; fileRef = FD2FD6982C5D7DC9003910F2 /* Plan.swift */; };
		FD2FD69B2C5D80EA003910F2 /* ServiceViewModel.swift in Sources */ = {isa = PBXBuildFile; fileRef = FD2FD69A2C5D80EA003910F2 /* ServiceViewModel.swift */; };
		FD8BFF902C64E71F00A52747 /* AppMainTabView.swift in Sources */ = {isa = PBXBuildFile; fileRef = FD8BFF8F2C64E71F00A52747 /* AppMainTabView.swift */; };
		FD8BFF932C65105500A52747 /* TabViewBackground.swift in Sources */ = {isa = PBXBuildFile; fileRef = FD8BFF922C65105500A52747 /* TabViewBackground.swift */; };
		FD8BFF952C65164A00A52747 /* CustomService.swift in Sources */ = {isa = PBXBuildFile; fileRef = FD8BFF942C65164A00A52747 /* CustomService.swift */; };
		FDCADF2B2C60CA150059BEF7 /* UsersSub.swift in Sources */ = {isa = PBXBuildFile; fileRef = FDCADF2A2C60CA150059BEF7 /* UsersSub.swift */; };
		FDCD60DC2C5E4D1D0049CED8 /* ServicePlans.swift in Sources */ = {isa = PBXBuildFile; fileRef = FDCD60DB2C5E4D1D0049CED8 /* ServicePlans.swift */; };
		FDCD60DE2C5E4E400049CED8 /* Services.swift in Sources */ = {isa = PBXBuildFile; fileRef = FDCD60DD2C5E4E400049CED8 /* Services.swift */; };
		FDCD60E02C5E4FB00049CED8 /* PlanViewModel.swift in Sources */ = {isa = PBXBuildFile; fileRef = FDCD60DF2C5E4FB00049CED8 /* PlanViewModel.swift */; };
		FDCD60E22C5E61E60049CED8 /* UserAuthAndDetailsViewModel.swift in Sources */ = {isa = PBXBuildFile; fileRef = FDCD60E12C5E61E60049CED8 /* UserAuthAndDetailsViewModel.swift */; };
		FDCD60E42C5E696D0049CED8 /* UsersSubscriptionsViewModel.swift in Sources */ = {isa = PBXBuildFile; fileRef = FDCD60E32C5E696D0049CED8 /* UsersSubscriptionsViewModel.swift */; };
/* End PBXBuildFile section */

/* Begin PBXFileReference section */
		FD05CDA12C5D2DD300E0171E /* HesApp-Tracker.app */ = {isa = PBXFileReference; explicitFileType = wrapper.application; includeInIndex = 0; path = "HesApp-Tracker.app"; sourceTree = BUILT_PRODUCTS_DIR; };
		FD05CDA42C5D2DD300E0171E /* HesApp_TrackerApp.swift */ = {isa = PBXFileReference; lastKnownFileType = sourcecode.swift; path = HesApp_TrackerApp.swift; sourceTree = "<group>"; };
		FD05CDA62C5D2DD300E0171E /* AuthView.swift */ = {isa = PBXFileReference; lastKnownFileType = sourcecode.swift; path = AuthView.swift; sourceTree = "<group>"; };
		FD05CDA82C5D2DD300E0171E /* Assets.xcassets */ = {isa = PBXFileReference; lastKnownFileType = folder.assetcatalog; path = Assets.xcassets; sourceTree = "<group>"; };
		FD05CDAB2C5D2DD300E0171E /* Preview Assets.xcassets */ = {isa = PBXFileReference; lastKnownFileType = folder.assetcatalog; path = "Preview Assets.xcassets"; sourceTree = "<group>"; };
		FD05CDB32C5D2E0E00E0171E /* Home.swift */ = {isa = PBXFileReference; lastKnownFileType = sourcecode.swift; path = Home.swift; sourceTree = "<group>"; };
		FD05CDB52C5D2E2D00E0171E /* UsersSubscriptions.swift */ = {isa = PBXFileReference; lastKnownFileType = sourcecode.swift; path = UsersSubscriptions.swift; sourceTree = "<group>"; };
		FD05CDB92C5D364000E0171E /* AppMainView.swift */ = {isa = PBXFileReference; lastKnownFileType = sourcecode.swift; path = AppMainView.swift; sourceTree = "<group>"; };
		FD05CDBB2C5D365500E0171E /* Login.swift */ = {isa = PBXFileReference; lastKnownFileType = sourcecode.swift; path = Login.swift; sourceTree = "<group>"; };
		FD05CDBD2C5D365E00E0171E /* Register.swift */ = {isa = PBXFileReference; lastKnownFileType = sourcecode.swift; path = Register.swift; sourceTree = "<group>"; };
		FD05CDBF2C5D3AF900E0171E /* GoogleService-Info.plist */ = {isa = PBXFileReference; fileEncoding = 4; lastKnownFileType = text.plist.xml; path = "GoogleService-Info.plist"; sourceTree = "<group>"; };
		FD0D18F22C62863900A50366 /* CustomPlanSheetView.swift */ = {isa = PBXFileReference; lastKnownFileType = sourcecode.swift; path = CustomPlanSheetView.swift; sourceTree = "<group>"; };
		FD0D18F42C62872200A50366 /* FeedbackPlanSheetView.swift */ = {isa = PBXFileReference; lastKnownFileType = sourcecode.swift; path = FeedbackPlanSheetView.swift; sourceTree = "<group>"; };
		FD0D18F72C6287E300A50366 /* ConfirmationPlanSheetView.swift */ = {isa = PBXFileReference; lastKnownFileType = sourcecode.swift; path = ConfirmationPlanSheetView.swift; sourceTree = "<group>"; };
		FD0D18F92C628B0100A50366 /* GradientBackground.swift */ = {isa = PBXFileReference; lastKnownFileType = sourcecode.swift; path = GradientBackground.swift; sourceTree = "<group>"; };
		FD132FD52C6400F5005619F0 /* FirestoreManager.swift */ = {isa = PBXFileReference; lastKnownFileType = sourcecode.swift; path = FirestoreManager.swift; sourceTree = "<group>"; };
		FD132FD72C64027B005619F0 /* AuthManager.swift */ = {isa = PBXFileReference; lastKnownFileType = sourcecode.swift; path = AuthManager.swift; sourceTree = "<group>"; };
		FD132FD92C64078C005619F0 /* AuthTabView.swift */ = {isa = PBXFileReference; lastKnownFileType = sourcecode.swift; path = AuthTabView.swift; sourceTree = "<group>"; };
		FD2FD6962C5D7DB4003910F2 /* Service.swift */ = {isa = PBXFileReference; lastKnownFileType = sourcecode.swift; path = Service.swift; sourceTree = "<group>"; };
		FD2FD6982C5D7DC9003910F2 /* Plan.swift */ = {isa = PBXFileReference; lastKnownFileType = sourcecode.swift; path = Plan.swift; sourceTree = "<group>"; };
		FD2FD69A2C5D80EA003910F2 /* ServiceViewModel.swift */ = {isa = PBXFileReference; lastKnownFileType = sourcecode.swift; path = ServiceViewModel.swift; sourceTree = "<group>"; };
		FD8BFF8F2C64E71F00A52747 /* AppMainTabView.swift */ = {isa = PBXFileReference; lastKnownFileType = sourcecode.swift; path = AppMainTabView.swift; sourceTree = "<group>"; };
		FD8BFF922C65105500A52747 /* TabViewBackground.swift */ = {isa = PBXFileReference; lastKnownFileType = sourcecode.swift; path = TabViewBackground.swift; sourceTree = "<group>"; };
		FD8BFF942C65164A00A52747 /* CustomService.swift */ = {isa = PBXFileReference; lastKnownFileType = sourcecode.swift; path = CustomService.swift; sourceTree = "<group>"; };
		FDCADF2A2C60CA150059BEF7 /* UsersSub.swift */ = {isa = PBXFileReference; lastKnownFileType = sourcecode.swift; path = UsersSub.swift; sourceTree = "<group>"; };
		FDCD60DB2C5E4D1D0049CED8 /* ServicePlans.swift */ = {isa = PBXFileReference; lastKnownFileType = sourcecode.swift; path = ServicePlans.swift; sourceTree = "<group>"; };
		FDCD60DD2C5E4E400049CED8 /* Services.swift */ = {isa = PBXFileReference; lastKnownFileType = sourcecode.swift; path = Services.swift; sourceTree = "<group>"; };
		FDCD60DF2C5E4FB00049CED8 /* PlanViewModel.swift */ = {isa = PBXFileReference; lastKnownFileType = sourcecode.swift; path = PlanViewModel.swift; sourceTree = "<group>"; };
		FDCD60E12C5E61E60049CED8 /* UserAuthAndDetailsViewModel.swift */ = {isa = PBXFileReference; lastKnownFileType = sourcecode.swift; path = UserAuthAndDetailsViewModel.swift; sourceTree = "<group>"; };
		FDCD60E32C5E696D0049CED8 /* UsersSubscriptionsViewModel.swift */ = {isa = PBXFileReference; lastKnownFileType = sourcecode.swift; path = UsersSubscriptionsViewModel.swift; sourceTree = "<group>"; };
/* End PBXFileReference section */

/* Begin PBXFrameworksBuildPhase section */
		FD05CD9E2C5D2DD300E0171E /* Frameworks */ = {
			isa = PBXFrameworksBuildPhase;
			buildActionMask = 2147483647;
			files = (
				FD05CDCD2C5D3CAB00E0171E /* FirebaseAuth in Frameworks */,
				FD05CDC32C5D3CAB00E0171E /* FirebaseAnalytics in Frameworks */,
				FD05CDEB2C5D3CAB00E0171E /* FirebaseStorage in Frameworks */,
				FD05CDD72C5D3CAB00E0171E /* FirebaseFirestore in Frameworks */,
			);
			runOnlyForDeploymentPostprocessing = 0;
		};
/* End PBXFrameworksBuildPhase section */

/* Begin PBXGroup section */
		FD05CD982C5D2DD300E0171E = {
			isa = PBXGroup;
			children = (
				FD05CDA32C5D2DD300E0171E /* HesApp-Tracker */,
				FD05CDA22C5D2DD300E0171E /* Products */,
			);
			sourceTree = "<group>";
		};
		FD05CDA22C5D2DD300E0171E /* Products */ = {
			isa = PBXGroup;
			children = (
				FD05CDA12C5D2DD300E0171E /* HesApp-Tracker.app */,
			);
			name = Products;
			sourceTree = "<group>";
		};
		FD05CDA32C5D2DD300E0171E /* HesApp-Tracker */ = {
			isa = PBXGroup;
			children = (
				FD132FD42C640078005619F0 /* Manager */,
				FD2FD6952C5D7D8B003910F2 /* ViewModel */,
				FD2FD6942C5D7D85003910F2 /* Model */,
				FD05CDB22C5D2DDB00E0171E /* View */,
				FD05CDA42C5D2DD300E0171E /* HesApp_TrackerApp.swift */,
				FD05CDA82C5D2DD300E0171E /* Assets.xcassets */,
				FD05CDBF2C5D3AF900E0171E /* GoogleService-Info.plist */,
				FD05CDAA2C5D2DD300E0171E /* Preview Content */,
			);
			path = "HesApp-Tracker";
			sourceTree = "<group>";
		};
		FD05CDAA2C5D2DD300E0171E /* Preview Content */ = {
			isa = PBXGroup;
			children = (
				FD05CDAB2C5D2DD300E0171E /* Preview Assets.xcassets */,
			);
			path = "Preview Content";
			sourceTree = "<group>";
		};
		FD05CDB22C5D2DDB00E0171E /* View */ = {
			isa = PBXGroup;
			children = (
				FD0D18EF2C627B9100A50366 /* Other */,
				FD05CDB82C5D362B00E0171E /* AppMain */,
				FD05CDB72C5D362300E0171E /* Auth */,
			);
			path = View;
			sourceTree = "<group>";
		};
		FD05CDB72C5D362300E0171E /* Auth */ = {
			isa = PBXGroup;
			children = (
				FD05CDA62C5D2DD300E0171E /* AuthView.swift */,
				FD05CDBB2C5D365500E0171E /* Login.swift */,
				FD05CDBD2C5D365E00E0171E /* Register.swift */,
			);
			path = Auth;
			sourceTree = "<group>";
		};
		FD05CDB82C5D362B00E0171E /* AppMain */ = {
			isa = PBXGroup;
			children = (
				FD05CDB92C5D364000E0171E /* AppMainView.swift */,
				FD05CDB32C5D2E0E00E0171E /* Home.swift */,
				FD05CDB52C5D2E2D00E0171E /* UsersSubscriptions.swift */,
				FDCD60DB2C5E4D1D0049CED8 /* ServicePlans.swift */,
				FDCD60DD2C5E4E400049CED8 /* Services.swift */,
				FD8BFF942C65164A00A52747 /* CustomService.swift */,
			);
			path = AppMain;
			sourceTree = "<group>";
		};
		FD0D18EF2C627B9100A50366 /* Other */ = {
			isa = PBXGroup;
			children = (
				FD8BFF912C65103800A52747 /* Backgrounds */,
				FD132FDB2C6412E0005619F0 /* TabViews */,
				FD0D18F62C6287B600A50366 /* SheetViews */,
			);
			path = Other;
			sourceTree = "<group>";
		};
		FD0D18F62C6287B600A50366 /* SheetViews */ = {
			isa = PBXGroup;
			children = (
				FD0D18F22C62863900A50366 /* CustomPlanSheetView.swift */,
				FD0D18F42C62872200A50366 /* FeedbackPlanSheetView.swift */,
				FD0D18F72C6287E300A50366 /* ConfirmationPlanSheetView.swift */,
			);
			path = SheetViews;
			sourceTree = "<group>";
		};
		FD132FD42C640078005619F0 /* Manager */ = {
			isa = PBXGroup;
			children = (
				FD132FD52C6400F5005619F0 /* FirestoreManager.swift */,
				FD132FD72C64027B005619F0 /* AuthManager.swift */,
			);
			path = Manager;
			sourceTree = "<group>";
		};
		FD132FDB2C6412E0005619F0 /* TabViews */ = {
			isa = PBXGroup;
			children = (
				FD132FD92C64078C005619F0 /* AuthTabView.swift */,
				FD8BFF8F2C64E71F00A52747 /* AppMainTabView.swift */,
			);
			path = TabViews;
			sourceTree = "<group>";
		};
		FD2FD6942C5D7D85003910F2 /* Model */ = {
			isa = PBXGroup;
			children = (
				FD2FD6962C5D7DB4003910F2 /* Service.swift */,
				FD2FD6982C5D7DC9003910F2 /* Plan.swift */,
				FDCADF2A2C60CA150059BEF7 /* UsersSub.swift */,
			);
			path = Model;
			sourceTree = "<group>";
		};
		FD2FD6952C5D7D8B003910F2 /* ViewModel */ = {
			isa = PBXGroup;
			children = (
				FD2FD69A2C5D80EA003910F2 /* ServiceViewModel.swift */,
				FDCD60DF2C5E4FB00049CED8 /* PlanViewModel.swift */,
				FDCD60E12C5E61E60049CED8 /* UserAuthAndDetailsViewModel.swift */,
				FDCD60E32C5E696D0049CED8 /* UsersSubscriptionsViewModel.swift */,
			);
			path = ViewModel;
			sourceTree = "<group>";
		};
		FD8BFF912C65103800A52747 /* Backgrounds */ = {
			isa = PBXGroup;
			children = (
				FD0D18F92C628B0100A50366 /* GradientBackground.swift */,
				FD8BFF922C65105500A52747 /* TabViewBackground.swift */,
			);
			path = Backgrounds;
			sourceTree = "<group>";
		};
/* End PBXGroup section */

/* Begin PBXNativeTarget section */
		FD05CDA02C5D2DD300E0171E /* HesApp-Tracker */ = {
			isa = PBXNativeTarget;
			buildConfigurationList = FD05CDAF2C5D2DD300E0171E /* Build configuration list for PBXNativeTarget "HesApp-Tracker" */;
			buildPhases = (
				FD05CD9D2C5D2DD300E0171E /* Sources */,
				FD05CD9E2C5D2DD300E0171E /* Frameworks */,
				FD05CD9F2C5D2DD300E0171E /* Resources */,
			);
			buildRules = (
			);
			dependencies = (
			);
			name = "HesApp-Tracker";
			packageProductDependencies = (
				FD05CDC22C5D3CAB00E0171E /* FirebaseAnalytics */,
				FD05CDCC2C5D3CAB00E0171E /* FirebaseAuth */,
				FD05CDD62C5D3CAB00E0171E /* FirebaseFirestore */,
				FD05CDEA2C5D3CAB00E0171E /* FirebaseStorage */,
			);
			productName = "HesApp-Tracker";
			productReference = FD05CDA12C5D2DD300E0171E /* HesApp-Tracker.app */;
			productType = "com.apple.product-type.application";
		};
/* End PBXNativeTarget section */

/* Begin PBXProject section */
		FD05CD992C5D2DD300E0171E /* Project object */ = {
			isa = PBXProject;
			attributes = {
				BuildIndependentTargetsInParallel = 1;
				LastSwiftUpdateCheck = 1520;
				LastUpgradeCheck = 1520;
				TargetAttributes = {
					FD05CDA02C5D2DD300E0171E = {
						CreatedOnToolsVersion = 15.2;
					};
				};
			};
			buildConfigurationList = FD05CD9C2C5D2DD300E0171E /* Build configuration list for PBXProject "HesApp-Tracker" */;
			compatibilityVersion = "Xcode 14.0";
			developmentRegion = en;
			hasScannedForEncodings = 0;
			knownRegions = (
				en,
				Base,
			);
			mainGroup = FD05CD982C5D2DD300E0171E;
			packageReferences = (
				FD05CDC12C5D3CAB00E0171E /* XCRemoteSwiftPackageReference "firebase-ios-sdk" */,
			);
			productRefGroup = FD05CDA22C5D2DD300E0171E /* Products */;
			projectDirPath = "";
			projectRoot = "";
			targets = (
				FD05CDA02C5D2DD300E0171E /* HesApp-Tracker */,
			);
		};
/* End PBXProject section */

/* Begin PBXResourcesBuildPhase section */
		FD05CD9F2C5D2DD300E0171E /* Resources */ = {
			isa = PBXResourcesBuildPhase;
			buildActionMask = 2147483647;
			files = (
				FD05CDAC2C5D2DD300E0171E /* Preview Assets.xcassets in Resources */,
				FD05CDA92C5D2DD300E0171E /* Assets.xcassets in Resources */,
				FD05CDC02C5D3AF900E0171E /* GoogleService-Info.plist in Resources */,
			);
			runOnlyForDeploymentPostprocessing = 0;
		};
/* End PBXResourcesBuildPhase section */

/* Begin PBXSourcesBuildPhase section */
		FD05CD9D2C5D2DD300E0171E /* Sources */ = {
			isa = PBXSourcesBuildPhase;
			buildActionMask = 2147483647;
			files = (
				FDCD60E42C5E696D0049CED8 /* UsersSubscriptionsViewModel.swift in Sources */,
				FD132FD62C6400F5005619F0 /* FirestoreManager.swift in Sources */,
				FDCD60E22C5E61E60049CED8 /* UserAuthAndDetailsViewModel.swift in Sources */,
				FD05CDA72C5D2DD300E0171E /* AuthView.swift in Sources */,
				FDCD60DE2C5E4E400049CED8 /* Services.swift in Sources */,
				FD2FD6972C5D7DB4003910F2 /* Service.swift in Sources */,
				FD0D18FA2C628B0100A50366 /* GradientBackground.swift in Sources */,
				FDCADF2B2C60CA150059BEF7 /* UsersSub.swift in Sources */,
				FD05CDBA2C5D364000E0171E /* AppMainView.swift in Sources */,
				FD0D18F32C62863900A50366 /* CustomPlanSheetView.swift in Sources */,
				FD05CDB62C5D2E2D00E0171E /* UsersSubscriptions.swift in Sources */,
				FD0D18F52C62872200A50366 /* FeedbackPlanSheetView.swift in Sources */,
				FD132FDA2C64078C005619F0 /* AuthTabView.swift in Sources */,
				FD2FD69B2C5D80EA003910F2 /* ServiceViewModel.swift in Sources */,
				FD05CDBC2C5D365500E0171E /* Login.swift in Sources */,
				FD8BFF902C64E71F00A52747 /* AppMainTabView.swift in Sources */,
				FD8BFF952C65164A00A52747 /* CustomService.swift in Sources */,
				FD8BFF932C65105500A52747 /* TabViewBackground.swift in Sources */,
				FDCD60E02C5E4FB00049CED8 /* PlanViewModel.swift in Sources */,
				FD2FD6992C5D7DC9003910F2 /* Plan.swift in Sources */,
				FDCD60DC2C5E4D1D0049CED8 /* ServicePlans.swift in Sources */,
				FD05CDBE2C5D365E00E0171E /* Register.swift in Sources */,
				FD05CDB42C5D2E0E00E0171E /* Home.swift in Sources */,
				FD132FD82C64027B005619F0 /* AuthManager.swift in Sources */,
				FD0D18F82C6287E300A50366 /* ConfirmationPlanSheetView.swift in Sources */,
				FD05CDA52C5D2DD300E0171E /* HesApp_TrackerApp.swift in Sources */,
			);
			runOnlyForDeploymentPostprocessing = 0;
		};
/* End PBXSourcesBuildPhase section */

/* Begin XCBuildConfiguration section */
		FD05CDAD2C5D2DD300E0171E /* Debug */ = {
			isa = XCBuildConfiguration;
			buildSettings = {
				ALWAYS_SEARCH_USER_PATHS = NO;
				ASSETCATALOG_COMPILER_GENERATE_SWIFT_ASSET_SYMBOL_EXTENSIONS = YES;
				CLANG_ANALYZER_NONNULL = YES;
				CLANG_ANALYZER_NUMBER_OBJECT_CONVERSION = YES_AGGRESSIVE;
				CLANG_CXX_LANGUAGE_STANDARD = "gnu++20";
				CLANG_ENABLE_MODULES = YES;
				CLANG_ENABLE_OBJC_ARC = YES;
				CLANG_ENABLE_OBJC_WEAK = YES;
				CLANG_WARN_BLOCK_CAPTURE_AUTORELEASING = YES;
				CLANG_WARN_BOOL_CONVERSION = YES;
				CLANG_WARN_COMMA = YES;
				CLANG_WARN_CONSTANT_CONVERSION = YES;
				CLANG_WARN_DEPRECATED_OBJC_IMPLEMENTATIONS = YES;
				CLANG_WARN_DIRECT_OBJC_ISA_USAGE = YES_ERROR;
				CLANG_WARN_DOCUMENTATION_COMMENTS = YES;
				CLANG_WARN_EMPTY_BODY = YES;
				CLANG_WARN_ENUM_CONVERSION = YES;
				CLANG_WARN_INFINITE_RECURSION = YES;
				CLANG_WARN_INT_CONVERSION = YES;
				CLANG_WARN_NON_LITERAL_NULL_CONVERSION = YES;
				CLANG_WARN_OBJC_IMPLICIT_RETAIN_SELF = YES;
				CLANG_WARN_OBJC_LITERAL_CONVERSION = YES;
				CLANG_WARN_OBJC_ROOT_CLASS = YES_ERROR;
				CLANG_WARN_QUOTED_INCLUDE_IN_FRAMEWORK_HEADER = YES;
				CLANG_WARN_RANGE_LOOP_ANALYSIS = YES;
				CLANG_WARN_STRICT_PROTOTYPES = YES;
				CLANG_WARN_SUSPICIOUS_MOVE = YES;
				CLANG_WARN_UNGUARDED_AVAILABILITY = YES_AGGRESSIVE;
				CLANG_WARN_UNREACHABLE_CODE = YES;
				CLANG_WARN__DUPLICATE_METHOD_MATCH = YES;
				COPY_PHASE_STRIP = NO;
				DEBUG_INFORMATION_FORMAT = dwarf;
				ENABLE_STRICT_OBJC_MSGSEND = YES;
				ENABLE_TESTABILITY = YES;
				ENABLE_USER_SCRIPT_SANDBOXING = YES;
				GCC_C_LANGUAGE_STANDARD = gnu17;
				GCC_DYNAMIC_NO_PIC = NO;
				GCC_NO_COMMON_BLOCKS = YES;
				GCC_OPTIMIZATION_LEVEL = 0;
				GCC_PREPROCESSOR_DEFINITIONS = (
					"DEBUG=1",
					"$(inherited)",
				);
				GCC_WARN_64_TO_32_BIT_CONVERSION = YES;
				GCC_WARN_ABOUT_RETURN_TYPE = YES_ERROR;
				GCC_WARN_UNDECLARED_SELECTOR = YES;
				GCC_WARN_UNINITIALIZED_AUTOS = YES_AGGRESSIVE;
				GCC_WARN_UNUSED_FUNCTION = YES;
				GCC_WARN_UNUSED_VARIABLE = YES;
				IPHONEOS_DEPLOYMENT_TARGET = 17.2;
				LOCALIZATION_PREFERS_STRING_CATALOGS = YES;
				MTL_ENABLE_DEBUG_INFO = INCLUDE_SOURCE;
				MTL_FAST_MATH = YES;
				ONLY_ACTIVE_ARCH = YES;
				SDKROOT = iphoneos;
				SWIFT_ACTIVE_COMPILATION_CONDITIONS = "DEBUG $(inherited)";
				SWIFT_OPTIMIZATION_LEVEL = "-Onone";
			};
			name = Debug;
		};
		FD05CDAE2C5D2DD300E0171E /* Release */ = {
			isa = XCBuildConfiguration;
			buildSettings = {
				ALWAYS_SEARCH_USER_PATHS = NO;
				ASSETCATALOG_COMPILER_GENERATE_SWIFT_ASSET_SYMBOL_EXTENSIONS = YES;
				CLANG_ANALYZER_NONNULL = YES;
				CLANG_ANALYZER_NUMBER_OBJECT_CONVERSION = YES_AGGRESSIVE;
				CLANG_CXX_LANGUAGE_STANDARD = "gnu++20";
				CLANG_ENABLE_MODULES = YES;
				CLANG_ENABLE_OBJC_ARC = YES;
				CLANG_ENABLE_OBJC_WEAK = YES;
				CLANG_WARN_BLOCK_CAPTURE_AUTORELEASING = YES;
				CLANG_WARN_BOOL_CONVERSION = YES;
				CLANG_WARN_COMMA = YES;
				CLANG_WARN_CONSTANT_CONVERSION = YES;
				CLANG_WARN_DEPRECATED_OBJC_IMPLEMENTATIONS = YES;
				CLANG_WARN_DIRECT_OBJC_ISA_USAGE = YES_ERROR;
				CLANG_WARN_DOCUMENTATION_COMMENTS = YES;
				CLANG_WARN_EMPTY_BODY = YES;
				CLANG_WARN_ENUM_CONVERSION = YES;
				CLANG_WARN_INFINITE_RECURSION = YES;
				CLANG_WARN_INT_CONVERSION = YES;
				CLANG_WARN_NON_LITERAL_NULL_CONVERSION = YES;
				CLANG_WARN_OBJC_IMPLICIT_RETAIN_SELF = YES;
				CLANG_WARN_OBJC_LITERAL_CONVERSION = YES;
				CLANG_WARN_OBJC_ROOT_CLASS = YES_ERROR;
				CLANG_WARN_QUOTED_INCLUDE_IN_FRAMEWORK_HEADER = YES;
				CLANG_WARN_RANGE_LOOP_ANALYSIS = YES;
				CLANG_WARN_STRICT_PROTOTYPES = YES;
				CLANG_WARN_SUSPICIOUS_MOVE = YES;
				CLANG_WARN_UNGUARDED_AVAILABILITY = YES_AGGRESSIVE;
				CLANG_WARN_UNREACHABLE_CODE = YES;
				CLANG_WARN__DUPLICATE_METHOD_MATCH = YES;
				COPY_PHASE_STRIP = NO;
				DEBUG_INFORMATION_FORMAT = "dwarf-with-dsym";
				ENABLE_NS_ASSERTIONS = NO;
				ENABLE_STRICT_OBJC_MSGSEND = YES;
				ENABLE_USER_SCRIPT_SANDBOXING = YES;
				GCC_C_LANGUAGE_STANDARD = gnu17;
				GCC_NO_COMMON_BLOCKS = YES;
				GCC_WARN_64_TO_32_BIT_CONVERSION = YES;
				GCC_WARN_ABOUT_RETURN_TYPE = YES_ERROR;
				GCC_WARN_UNDECLARED_SELECTOR = YES;
				GCC_WARN_UNINITIALIZED_AUTOS = YES_AGGRESSIVE;
				GCC_WARN_UNUSED_FUNCTION = YES;
				GCC_WARN_UNUSED_VARIABLE = YES;
				IPHONEOS_DEPLOYMENT_TARGET = 17.2;
				LOCALIZATION_PREFERS_STRING_CATALOGS = YES;
				MTL_ENABLE_DEBUG_INFO = NO;
				MTL_FAST_MATH = YES;
				SDKROOT = iphoneos;
				SWIFT_COMPILATION_MODE = wholemodule;
				VALIDATE_PRODUCT = YES;
			};
			name = Release;
		};
		FD05CDB02C5D2DD300E0171E /* Debug */ = {
			isa = XCBuildConfiguration;
			buildSettings = {
				ASSETCATALOG_COMPILER_APPICON_NAME = AppIcon;
				ASSETCATALOG_COMPILER_GLOBAL_ACCENT_COLOR_NAME = AccentColor;
				CODE_SIGN_STYLE = Automatic;
				CURRENT_PROJECT_VERSION = 1;
				DEVELOPMENT_ASSET_PATHS = "\"HesApp-Tracker/Preview Content\"";
				ENABLE_PREVIEWS = YES;
				GENERATE_INFOPLIST_FILE = YES;
				INFOPLIST_KEY_UIApplicationSceneManifest_Generation = YES;
				INFOPLIST_KEY_UIApplicationSupportsIndirectInputEvents = YES;
				INFOPLIST_KEY_UILaunchScreen_Generation = YES;
				INFOPLIST_KEY_UISupportedInterfaceOrientations_iPad = "UIInterfaceOrientationPortrait UIInterfaceOrientationPortraitUpsideDown UIInterfaceOrientationLandscapeLeft UIInterfaceOrientationLandscapeRight";
				INFOPLIST_KEY_UISupportedInterfaceOrientations_iPhone = "UIInterfaceOrientationPortrait UIInterfaceOrientationLandscapeLeft UIInterfaceOrientationLandscapeRight";
				LD_RUNPATH_SEARCH_PATHS = (
					"$(inherited)",
					"@executable_path/Frameworks",
				);
				MARKETING_VERSION = 1.0;
				PRODUCT_BUNDLE_IDENTIFIER = "com.emirsansar.HesApp-Tracker";
				PRODUCT_NAME = "$(TARGET_NAME)";
				SWIFT_EMIT_LOC_STRINGS = YES;
				SWIFT_VERSION = 5.0;
				TARGETED_DEVICE_FAMILY = "1,2";
			};
			name = Debug;
		};
		FD05CDB12C5D2DD300E0171E /* Release */ = {
			isa = XCBuildConfiguration;
			buildSettings = {
				ASSETCATALOG_COMPILER_APPICON_NAME = AppIcon;
				ASSETCATALOG_COMPILER_GLOBAL_ACCENT_COLOR_NAME = AccentColor;
				CODE_SIGN_STYLE = Automatic;
				CURRENT_PROJECT_VERSION = 1;
				DEVELOPMENT_ASSET_PATHS = "\"HesApp-Tracker/Preview Content\"";
				ENABLE_PREVIEWS = YES;
				GENERATE_INFOPLIST_FILE = YES;
				INFOPLIST_KEY_UIApplicationSceneManifest_Generation = YES;
				INFOPLIST_KEY_UIApplicationSupportsIndirectInputEvents = YES;
				INFOPLIST_KEY_UILaunchScreen_Generation = YES;
				INFOPLIST_KEY_UISupportedInterfaceOrientations_iPad = "UIInterfaceOrientationPortrait UIInterfaceOrientationPortraitUpsideDown UIInterfaceOrientationLandscapeLeft UIInterfaceOrientationLandscapeRight";
				INFOPLIST_KEY_UISupportedInterfaceOrientations_iPhone = "UIInterfaceOrientationPortrait UIInterfaceOrientationLandscapeLeft UIInterfaceOrientationLandscapeRight";
				LD_RUNPATH_SEARCH_PATHS = (
					"$(inherited)",
					"@executable_path/Frameworks",
				);
				MARKETING_VERSION = 1.0;
				PRODUCT_BUNDLE_IDENTIFIER = "com.emirsansar.HesApp-Tracker";
				PRODUCT_NAME = "$(TARGET_NAME)";
				SWIFT_EMIT_LOC_STRINGS = YES;
				SWIFT_VERSION = 5.0;
				TARGETED_DEVICE_FAMILY = "1,2";
			};
			name = Release;
		};
/* End XCBuildConfiguration section */

/* Begin XCConfigurationList section */
		FD05CD9C2C5D2DD300E0171E /* Build configuration list for PBXProject "HesApp-Tracker" */ = {
			isa = XCConfigurationList;
			buildConfigurations = (
				FD05CDAD2C5D2DD300E0171E /* Debug */,
				FD05CDAE2C5D2DD300E0171E /* Release */,
			);
			defaultConfigurationIsVisible = 0;
			defaultConfigurationName = Release;
		};
		FD05CDAF2C5D2DD300E0171E /* Build configuration list for PBXNativeTarget "HesApp-Tracker" */ = {
			isa = XCConfigurationList;
			buildConfigurations = (
				FD05CDB02C5D2DD300E0171E /* Debug */,
				FD05CDB12C5D2DD300E0171E /* Release */,
			);
			defaultConfigurationIsVisible = 0;
			defaultConfigurationName = Release;
		};
/* End XCConfigurationList section */

/* Begin XCRemoteSwiftPackageReference section */
		FD05CDC12C5D3CAB00E0171E /* XCRemoteSwiftPackageReference "firebase-ios-sdk" */ = {
			isa = XCRemoteSwiftPackageReference;
			repositoryURL = "https://github.com/firebase/firebase-ios-sdk";
			requirement = {
				kind = upToNextMajorVersion;
				minimumVersion = 11.0.0;
			};
		};
/* End XCRemoteSwiftPackageReference section */

/* Begin XCSwiftPackageProductDependency section */
		FD05CDC22C5D3CAB00E0171E /* FirebaseAnalytics */ = {
			isa = XCSwiftPackageProductDependency;
			package = FD05CDC12C5D3CAB00E0171E /* XCRemoteSwiftPackageReference "firebase-ios-sdk" */;
			productName = FirebaseAnalytics;
		};
		FD05CDCC2C5D3CAB00E0171E /* FirebaseAuth */ = {
			isa = XCSwiftPackageProductDependency;
			package = FD05CDC12C5D3CAB00E0171E /* XCRemoteSwiftPackageReference "firebase-ios-sdk" */;
			productName = FirebaseAuth;
		};
		FD05CDD62C5D3CAB00E0171E /* FirebaseFirestore */ = {
			isa = XCSwiftPackageProductDependency;
			package = FD05CDC12C5D3CAB00E0171E /* XCRemoteSwiftPackageReference "firebase-ios-sdk" */;
			productName = FirebaseFirestore;
		};
		FD05CDEA2C5D3CAB00E0171E /* FirebaseStorage */ = {
			isa = XCSwiftPackageProductDependency;
			package = FD05CDC12C5D3CAB00E0171E /* XCRemoteSwiftPackageReference "firebase-ios-sdk" */;
			productName = FirebaseStorage;
		};
/* End XCSwiftPackageProductDependency section */
	};
	rootObject = FD05CD992C5D2DD300E0171E /* Project object */;
}
